
Microsoft Visual Studio Solution File, Format Version 12.00
# Visual Studio Version 17
VisualStudioVersion = 17.7.34202.233
MinimumVisualStudioVersion = 10.0.40219.1
Project("{F184B08F-C81C-45F6-A57F-5ABD9991F28F}") = "Attendance System", "Attendance System\Attendance System.vbproj", "{CDE49871-28F1-4C01-A8BB-18EB6CC155EC}"
EndProject
Global
	GlobalSection(SolutionConfigurationPlatforms) = preSolution
		Debug|Any CPU = Debug|Any CPU
		Release|Any CPU = Release|Any CPU
	EndGlobalSection
	GlobalSection(ProjectConfigurationPlatforms) = postSolution
		{CDE49871-28F1-4C01-A8BB-18EB6CC155EC}.Debug|Any CPU.ActiveCfg = Debug|Any CPU
		{CDE49871-28F1-4C01-A8BB-18EB6CC155EC}.Debug|Any CPU.Build.0 = Debug|Any CPU
		{CDE49871-28F1-4C01-A8BB-18EB6CC155EC}.Release|Any CPU.ActiveCfg = Release|Any CPU
		{CDE49871-28F1-4C01-A8BB-18EB6CC155EC}.Release|Any CPU.Build.0 = Release|Any CPU
	EndGlobalSection
	GlobalSection(SolutionProperties) = preSolution
		HideSolutionNode = FALSE
	EndGlobalSection
	GlobalSection(ExtensibilityGlobals) = postSolution
		SolutionGuid = {7105CF56-2DF0-4863-9713-790822545D44}
	EndGlobalSection
EndGlobal
